
Microsoft Visual Studio Solution File, Format Version 12.00
Project("{2150E333-8FDC-42A3-9474-1A3956D46DE8}") = "src", "src", "{D203D77A-211E-4982-9E37-66FEBA2EBF32}"
EndProject
Project("{FAE04EC0-301F-11D3-BF4B-00C04F79EFBC}") = "WebApplication", "src\WebApplication\WebApplication.csproj", "{83004FB2-51A8-4DDC-BFB5-C8036A037644}"
EndProject
Global
	GlobalSection(SolutionConfigurationPlatforms) = preSolution
		Debug|Any CPU = Debug|Any CPU
		Release|Any CPU = Release|Any CPU
	EndGlobalSection
	GlobalSection(NestedProjects) = preSolution
		{83004FB2-51A8-4DDC-BFB5-C8036A037644} = {D203D77A-211E-4982-9E37-66FEBA2EBF32}
	EndGlobalSection
	GlobalSection(ProjectConfigurationPlatforms) = postSolution
		{83004FB2-51A8-4DDC-BFB5-C8036A037644}.Debug|Any CPU.ActiveCfg = Debug|Any CPU
		{83004FB2-51A8-4DDC-BFB5-C8036A037644}.Debug|Any CPU.Build.0 = Debug|Any CPU
		{83004FB2-51A8-4DDC-BFB5-C8036A037644}.Release|Any CPU.ActiveCfg = Release|Any CPU
		{83004FB2-51A8-4DDC-BFB5-C8036A037644}.Release|Any CPU.Build.0 = Release|Any CPU
	EndGlobalSection
EndGlobal
